Microsoft Visual Studio Solution File, Format Version 12.00
# Visual Studio Version 17
VisualStudioVersion = 17.5.2.0
MinimumVisualStudioVersion = 10.0.40219.1
Project("{2150E333-8FDC-42A3-9474-1A3956D46DE8}") = "Program00", "Program00", "{5DD5A787-AF73-55F1-F618-095159749944}"
EndProject
Project("{2150E333-8FDC-42A3-9474-1A3956D46DE8}") = "Program01", "Program01", "{416DEBE1-F3EE-3A51-186D-FAD460322D60}"
EndProject
Project("{2150E333-8FDC-42A3-9474-1A3956D46DE8}") = "Program02", "Program02", "{237FF8FB-8848-27FA-D8E6-39F703F2CE87}"
EndProject
Project("{2150E333-8FDC-42A3-9474-1A3956D46DE8}") = "Program03", "Program03", "{CB3E1ACD-6586-CCEC-F24B-1504DAFAF27F}"
EndProject
Project("{2150E333-8FDC-42A3-9474-1A3956D46DE8}") = "Program04", "Program04", "{94FD98C1-3286-FA3C-8440-00BCB0894B1D}"
EndProject
Project("{2150E333-8FDC-42A3-9474-1A3956D46DE8}") = "Program05", "Program05", "{2F242C14-146A-E052-D6A9-548E6C939E73}"
EndProject
Project("{FAE04EC0-301F-11D3-BF4B-00C04F79EFBC}") = "Programa00", "Program00\Programa00.csproj", "{D6320D09-64B9-BF7D-1BB4-76E836F9F47F}"
EndProject
Project("{FAE04EC0-301F-11D3-BF4B-00C04F79EFBC}") = "Programa01", "Program01\Programa01.csproj", "{459738A3-A3E6-B308-6F44-6AF6E2FAD088}"
EndProject
Project("{FAE04EC0-301F-11D3-BF4B-00C04F79EFBC}") = "Programa02", "Program02\Programa02.csproj", "{9EC57ACE-EA32-C1EB-47B8-CA20CB4BF4CE}"
EndProject
Project("{FAE04EC0-301F-11D3-BF4B-00C04F79EFBC}") = "Programa03", "Program03\Programa03.csproj", "{2DC40025-0B7E-5061-7079-2FE8533B4086}"
EndProject
Project("{FAE04EC0-301F-11D3-BF4B-00C04F79EFBC}") = "Programa04", "Program04\Programa04.csproj", "{E3CAA20C-402A-4098-CEBC-F9C7979535D0}"
EndProject
Project("{FAE04EC0-301F-11D3-BF4B-00C04F79EFBC}") = "Programa05", "Program05\Programa05.csproj", "{C3749712-284E-1803-1ED4-3E39878B74A4}"
EndProject
Global
	GlobalSection(SolutionConfigurationPlatforms) = preSolution
		Debug|Any CPU = Debug|Any CPU
		Release|Any CPU = Release|Any CPU
	EndGlobalSection
	GlobalSection(ProjectConfigurationPlatforms) = postSolution
		{D6320D09-64B9-BF7D-1BB4-76E836F9F47F}.Debug|Any CPU.ActiveCfg = Debug|Any CPU
		{D6320D09-64B9-BF7D-1BB4-76E836F9F47F}.Debug|Any CPU.Build.0 = Debug|Any CPU
		{D6320D09-64B9-BF7D-1BB4-76E836F9F47F}.Release|Any CPU.ActiveCfg = Release|Any CPU
		{D6320D09-64B9-BF7D-1BB4-76E836F9F47F}.Release|Any CPU.Build.0 = Release|Any CPU
		{459738A3-A3E6-B308-6F44-6AF6E2FAD088}.Debug|Any CPU.ActiveCfg = Debug|Any CPU
		{459738A3-A3E6-B308-6F44-6AF6E2FAD088}.Debug|Any CPU.Build.0 = Debug|Any CPU
		{459738A3-A3E6-B308-6F44-6AF6E2FAD088}.Release|Any CPU.ActiveCfg = Release|Any CPU
		{459738A3-A3E6-B308-6F44-6AF6E2FAD088}.Release|Any CPU.Build.0 = Release|Any CPU
		{9EC57ACE-EA32-C1EB-47B8-CA20CB4BF4CE}.Debug|Any CPU.ActiveCfg = Debug|Any CPU
		{9EC57ACE-EA32-C1EB-47B8-CA20CB4BF4CE}.Debug|Any CPU.Build.0 = Debug|Any CPU
		{9EC57ACE-EA32-C1EB-47B8-CA20CB4BF4CE}.Release|Any CPU.ActiveCfg = Release|Any CPU
		{9EC57ACE-EA32-C1EB-47B8-CA20CB4BF4CE}.Release|Any CPU.Build.0 = Release|Any CPU
		{2DC40025-0B7E-5061-7079-2FE8533B4086}.Debug|Any CPU.ActiveCfg = Debug|Any CPU
		{2DC40025-0B7E-5061-7079-2FE8533B4086}.Debug|Any CPU.Build.0 = Debug|Any CPU
		{2DC40025-0B7E-5061-7079-2FE8533B4086}.Release|Any CPU.ActiveCfg = Release|Any CPU
		{2DC40025-0B7E-5061-7079-2FE8533B4086}.Release|Any CPU.Build.0 = Release|Any CPU
		{E3CAA20C-402A-4098-CEBC-F9C7979535D0}.Debug|Any CPU.ActiveCfg = Debug|Any CPU
		{E3CAA20C-402A-4098-CEBC-F9C7979535D0}.Debug|Any CPU.Build.0 = Debug|Any CPU
		{E3CAA20C-402A-4098-CEBC-F9C7979535D0}.Release|Any CPU.ActiveCfg = Release|Any CPU
		{E3CAA20C-402A-4098-CEBC-F9C7979535D0}.Release|Any CPU.Build.0 = Release|Any CPU
		{C3749712-284E-1803-1ED4-3E39878B74A4}.Debug|Any CPU.ActiveCfg = Debug|Any CPU
		{C3749712-284E-1803-1ED4-3E39878B74A4}.Debug|Any CPU.Build.0 = Debug|Any CPU
		{C3749712-284E-1803-1ED4-3E39878B74A4}.Release|Any CPU.ActiveCfg = Release|Any CPU
		{C3749712-284E-1803-1ED4-3E39878B74A4}.Release|Any CPU.Build.0 = Release|Any CPU
	EndGlobalSection
	GlobalSection(SolutionProperties) = preSolution
		HideSolutionNode = FALSE
	EndGlobalSection
	GlobalSection(NestedProjects) = preSolution
		{D6320D09-64B9-BF7D-1BB4-76E836F9F47F} = {5DD5A787-AF73-55F1-F618-095159749944}
		{459738A3-A3E6-B308-6F44-6AF6E2FAD088} = {416DEBE1-F3EE-3A51-186D-FAD460322D60}
		{9EC57ACE-EA32-C1EB-47B8-CA20CB4BF4CE} = {237FF8FB-8848-27FA-D8E6-39F703F2CE87}
		{2DC40025-0B7E-5061-7079-2FE8533B4086} = {CB3E1ACD-6586-CCEC-F24B-1504DAFAF27F}
		{E3CAA20C-402A-4098-CEBC-F9C7979535D0} = {94FD98C1-3286-FA3C-8440-00BCB0894B1D}
		{C3749712-284E-1803-1ED4-3E39878B74A4} = {2F242C14-146A-E052-D6A9-548E6C939E73}
	EndGlobalSection
	GlobalSection(ExtensibilityGlobals) = postSolution
		SolutionGuid = {E0FFE21B-F71B-4362-829B-5E78805770E9}
	EndGlobalSection
EndGlobal
